<?xml version="1.0" encoding="utf-8"?>
<Project ToolsVersion="4.0" xmlns="http://schemas.microsoft.com/developer/msbuild/2003">
  <ItemGroup>
    <Filter Include="Pliki źródłowe">
      <UniqueIdentifier>{4FC737F1-C7A5-4376-A066-2A32D752A2FF}</UniqueIdentifier>
      <Extensions>cpp;c;cc;cxx;c++;cppm;ixx;def;odl;idl;hpj;bat;asm;asmx</Extensions>
    </Filter>
    <Filter Include="Pliki nagłówkowe">
      <UniqueIdentifier>{93995380-89BD-4b04-88EB-625FBE52EBFB}</UniqueIdentifier>
      <Extensions>h;hh;hpp;hxx;h++;hm;inl;inc;ipp;xsd</Extensions>
    </Filter>
    <Filter Include="Pliki zasobów">
      <UniqueIdentifier>{67DA6AB6-F800-4c08-8B7A-83BB121AAD01}</UniqueIdentifier>
      <Extensions>rc;ico;cur;bmp;dlg;rc2;rct;bin;rgs;gif;jpg;jpeg;jpe;resx;tiff;tif;png;wav;mfcribbon-ms</Extensions>
    </Filter>
    <Filter Include="Pliki źródłowe\OPENGL">
      <UniqueIdentifier>{aeb65b27-3816-439f-99b4-d80757195d0a}</UniqueIdentifier>
    </Filter>
    <Filter Include="Pliki nagłówkowe\LIBS">
      <UniqueIdentifier>{1f0fcc99-c716-44e4-8641-013b7f94cd06}</UniqueIdentifier>
    </Filter>
    <Filter Include="Pliki nagłówkowe\OPENGL">
      <UniqueIdentifier>{a2b4113b-acb0-4cd3-a3f3-d569cfe34438}</UniqueIdentifier>
    </Filter>
    <Filter Include="Pliki nagłówkowe\LOADERS">
      <UniqueIdentifier>{049b0523-67a4-478d-9b07-c6bce88ed403}</UniqueIdentifier>
    </Filter>
    <Filter Include="Pliki źródłowe\LOADERS">
      <UniqueIdentifier>{76335d31-c61e-4d09-897c-35589fa7b8e1}</UniqueIdentifier>
    </Filter>
    <Filter Include="Pliki źródłowe\MATH">
      <UniqueIdentifier>{78897d2b-9ce8-4216-809d-06879a2db477}</UniqueIdentifier>
    </Filter>
    <Filter Include="Pliki źródłowe\SHADERS">
      <UniqueIdentifier>{971f5cf9-9aea-4cc0-91a5-48df8cd33495}</UniqueIdentifier>
    </Filter>
    <Filter Include="Pliki źródłowe\MATERIALS">
      <UniqueIdentifier>{96d3d5ed-df65-46d3-8cef-adc3ae0da4b1}</UniqueIdentifier>
    </Filter>
    <Filter Include="Pliki nagłówkowe\MATH">
      <UniqueIdentifier>{ba76a254-e591-46f3-af8b-66b4bdc34c7b}</UniqueIdentifier>
    </Filter>
    <Filter Include="Pliki nagłówkowe\SHADERS">
      <UniqueIdentifier>{1e967a66-f3f8-4b47-93dc-3bf6fd26e7b3}</UniqueIdentifier>
    </Filter>
    <Filter Include="Pliki nagłówkowe\MATERIALS">
      <UniqueIdentifier>{1551a243-cd1d-4536-809c-440aac2db9fa}</UniqueIdentifier>
    </Filter>
    <Filter Include="Pliki źródłowe\GUI">
      <UniqueIdentifier>{deaef039-f43f-4273-b9b4-7bb7ad405c06}</UniqueIdentifier>
    </Filter>
    <Filter Include="Pliki nagłówkowe\GUI">
      <UniqueIdentifier>{1987cf17-9e7c-4029-b9bc-1dc3b23fdd05}</UniqueIdentifier>
    </Filter>
    <Filter Include="Pliki źródłowe\VERTEX_ARRAY_OBJECT">
      <UniqueIdentifier>{088d6bb7-53f2-4f28-9f4c-4d1c0fd012ce}</UniqueIdentifier>
    </Filter>
    <Filter Include="Pliki nagłówkowe\VERTEX_ARRAY_OBJECT">
      <UniqueIdentifier>{900461e4-0a84-4781-a6b2-af8ac6ec081d}</UniqueIdentifier>
    </Filter>
  </ItemGroup>
  <ItemGroup>
    <ClCompile Include="main.cpp">
      <Filter>Pliki źródłowe</Filter>
    </ClCompile>
    <ClCompile Include="Libs\glad\glad.c">
      <Filter>Pliki źródłowe\OPENGL</Filter>
    </ClCompile>
    <ClCompile Include="ShaderLoader.cpp">
      <Filter>Pliki źródłowe\LOADERS</Filter>
    </ClCompile>
    <ClCompile Include="Shader.cpp">
      <Filter>Pliki źródłowe\SHADERS</Filter>
    </ClCompile>
    <ClCompile Include="Material.cpp">
      <Filter>Pliki źródłowe\MATERIALS</Filter>
    </ClCompile>
    <ClCompile Include="GameWindow.cpp">
      <Filter>Pliki źródłowe\GUI</Filter>
    </ClCompile>
    <ClCompile Include="VertexArrayObject.cpp">
      <Filter>Pliki źródłowe\VERTEX_ARRAY_OBJECT</Filter>
    </ClCompile>
  </ItemGroup>
  <ItemGroup>
    <ClInclude Include="Libs\KHR\khrplatform.h">
      <Filter>Pliki nagłówkowe\OPENGL</Filter>
    </ClInclude>
    <ClInclude Include="Libs\glad\glad.h">
      <Filter>Pliki nagłówkowe\OPENGL</Filter>
    </ClInclude>
    <ClInclude Include="ShaderLoader.h">
      <Filter>Pliki nagłówkowe\LOADERS</Filter>
    </ClInclude>
    <ClInclude Include="Math.h">
      <Filter>Pliki nagłówkowe\MATH</Filter>
    </ClInclude>
    <ClInclude Include="Shader.h">
      <Filter>Pliki nagłówkowe\SHADERS</Filter>
    </ClInclude>
    <ClInclude Include="Material.h">
      <Filter>Pliki nagłówkowe\MATERIALS</Filter>
    </ClInclude>
    <ClInclude Include="GameWindow.h">
      <Filter>Pliki nagłówkowe\GUI</Filter>
    </ClInclude>
    <ClInclude Include="VertexArrayObject.h">
      <Filter>Pliki nagłówkowe\VERTEX_ARRAY_OBJECT</Filter>
    </ClInclude>
  </ItemGroup>
</Project>